<?xml version="1.0" encoding="utf-8"?>
<Project ToolsVersion="4.0" xmlns="http://schemas.microsoft.com/developer/msbuild/2003">
  <ItemGroup>
    <ClCompile Include="Main.cpp" />
    <ClCompile Include="Stdafx.cpp" />
    <ClCompile Include="Log\Logger.cpp" />
    <ClCompile Include="Sandbox\Sandbox.cpp" />
    <ClCompile Include="System\System.cpp" />
    <ClCompile Include="System\SystemVector.cpp" />
    <ClCompile Include="System\CommandLine\CommandLineSystem.cpp" />
    <ClCompile Include="System\Draw\DrawSystem.cpp" />
    <ClCompile Include="System\Movement\MovementSystem.cpp" />
    <ClCompile Include="System\Template\TemplateSystem.cpp" />
    <ClCompile Include="System\Time\TimeSystem.cpp" />
    <ClCompile Include="System\Test\TestSystem.cpp" />
    <ClCompile Include="Manager\ManagerVector.cpp" />
    <ClCompile Include="Manager\Manager.cpp" />
    <ClCompile Include="Manager\Entity\EntityManager.cpp" />
    <ClCompile Include="Manager\Time\TimeManager.cpp" />
    <ClCompile Include="System\Agent\AgentSystem.cpp" />
  </ItemGroup>
  <ItemGroup>
    <ClInclude Include="Stdafx.h" />
    <ClInclude Include="System\System.h" />
    <ClInclude Include="Sandbox\Sandbox.h" />
    <ClInclude Include="Log\Logger.h" />
    <ClInclude Include="System\SystemVector.h" />
    <ClInclude Include="Component\Component.h" />
    <ClInclude Include="Component\ComponentVector.h" />
    <ClInclude Include="Component\ComponentVectors.h" />
    <ClInclude Include="Utils\ThreadUtils.h" />
    <ClInclude Include="Utils\TimeUtils.h" />
    <ClInclude Include="Utils\MathUtils.h" />
    <ClInclude Include="System\CommandLine\CommandLineSystem.h" />
    <ClInclude Include="System\Draw\DrawSystem.h" />
    <ClInclude Include="System\Movement\MovementSystem.h" />
    <ClInclude Include="System\Template\TemplateSystem.h" />
    <ClInclude Include="System\Time\TimeSystem.h" />
    <ClInclude Include="System\Test\TestSystem.h" />
    <ClInclude Include="Component\Time\TimeComponent.h" />
    <ClInclude Include="Component\Template\TemplateComponent.h" />
    <ClInclude Include="Component\Model\ModelComponent.h" />
    <ClInclude Include="Component\Entity\EntityInfoComponent.h" />
    <ClInclude Include="Component\Movement\VelocityComponent.h" />
    <ClInclude Include="Component\Movement\PositionComponent.h" />
    <ClInclude Include="Component\Movement\AccelerationComponent.h" />
    <ClInclude Include="Manager\ManagerVector.h" />
    <ClInclude Include="Manager\Manager.h" />
    <ClInclude Include="Manager\Entity\EntityManager.h" />
    <ClInclude Include="Manager\Time\TimeManager.h" />
    <ClInclude Include="Component\Agent\AgentComponent.h" />
    <ClInclude Include="System\Agent\AgentSystem.h" />
  </ItemGroup>
</Project>