<?xml version="1.0" encoding="utf-8"?>
<Project ToolsVersion="4.0" xmlns="http://schemas.microsoft.com/developer/msbuild/2003">
  <ItemGroup>
    <ClCompile Include="Main.cpp" />
    <ClCompile Include="Stdafx.cpp" />
    <ClCompile Include="Log\Logger.cpp" />
  </ItemGroup>
  <ItemGroup>
    <ClInclude Include="Stdafx.h" />
    <ClInclude Include="System\System.h" />
    <ClInclude Include="Sandbox\Sandbox.h" />
    <ClInclude Include="Log\Logger.h" />
    <ClInclude Include="System\SystemVector.h" />
    <ClInclude Include="System\DrawSystem.h" />
    <ClInclude Include="System\RenderSystem.h" />
    <ClInclude Include="System\TemplateSystem.h" />
    <ClInclude Include="Component\Component.h" />
    <ClInclude Include="Component\ComponentVector.h" />
    <ClInclude Include="Component\ComponentVectors.h" />
    <ClInclude Include="Component\VelocityComponent.h" />
    <ClInclude Include="Component\TemplateComponent.h" />
    <ClInclude Include="Component\PositionComponent.h" />
    <ClInclude Include="Component\EntityInfoComponent.h" />
    <ClInclude Include="Utils\ThreadUtils.h" />
    <ClInclude Include="System\CommandLineSystem.h" />
    <ClInclude Include="Sandbox\EntityManager.h" />
    <ClInclude Include="Utils\TimeUtils.h" />
    <ClInclude Include="Utils\MathUtils.h" />
    <ClInclude Include="Component\AccelerationComponent.h" />
    <ClInclude Include="System\TestSystem.h" />
    <ClInclude Include="System\MovementSystem.h" />
    <ClInclude Include="Component\ModelComponent.h" />
    <ClInclude Include="Sandbox\CommandLineParser.h" />
    <ClInclude Include="Component\TimeComponent.h" />
    <ClInclude Include="System\TimeSystem.h" />
  </ItemGroup>
</Project>